
Microsoft Visual Studio Solution File, Format Version 12.00
# Visual Studio Version 17
VisualStudioVersion = 17.1.32210.238
MinimumVisualStudioVersion = 10.0.40219.1
Project("{9A19103F-16F7-4668-BE54-9A1E7A4F7556}") = "SocialPlatformBlazor.Server", "SocialPlatformBlazor\Server\SocialPlatformBlazor.Server.csproj", "{5DE80E51-6737-4B09-AC35-5A5CBDEBE0AA}"
EndProject
Project("{9A19103F-16F7-4668-BE54-9A1E7A4F7556}") = "SocialPlatformBlazor.Client", "SocialPlatformBlazor\Client\SocialPlatformBlazor.Client.csproj", "{DAB9ADBE-42CC-4C3E-9DBA-530625B5D9BF}"
EndProject
Project("{9A19103F-16F7-4668-BE54-9A1E7A4F7556}") = "SocialPlatformBlazor.Shared", "SocialPlatformBlazor\Shared\SocialPlatformBlazor.Shared.csproj", "{3A04ADDA-F6F5-487A-9532-1340FADA8556}"
EndProject
Project("{2150E333-8FDC-42A3-9474-1A3956D46DE8}") = "Web", "Web", "{BA68EE3C-B544-4368-B8B3-3B07123598A7}"
EndProject
Project("{2150E333-8FDC-42A3-9474-1A3956D46DE8}") = "Client", "Client", "{06DAA27D-A273-40D8-AB15-498858AD6899}"
EndProject
Project("{2150E333-8FDC-42A3-9474-1A3956D46DE8}") = "Server", "Server", "{CE415589-6B7C-498B-9D20-AB98BAE0C87F}"
EndProject
Project("{2150E333-8FDC-42A3-9474-1A3956D46DE8}") = "ApplicationCore", "ApplicationCore", "{F49FDDF4-69EA-441F-A935-1E7534C54617}"
EndProject
Project("{2150E333-8FDC-42A3-9474-1A3956D46DE8}") = "Infrastructure", "Infrastructure", "{32209BEB-717C-4DEA-B5E6-5C0AA80B123C}"
EndProject
Project("{9A19103F-16F7-4668-BE54-9A1E7A4F7556}") = "SocialPlatformBlazor.Models", "SocialPlatformBlazor.Models\SocialPlatformBlazor.Models.csproj", "{98EBF185-D93F-41EA-AAC9-7D531D458ED9}"
EndProject
Project("{9A19103F-16F7-4668-BE54-9A1E7A4F7556}") = "SocialPlatformBlazor.Infrastructure", "SocialPlatformBlazor.Infrastructure\SocialPlatformBlazor.Infrastructure.csproj", "{50E359F0-5530-4A50-9361-55BCC03B04B6}"
EndProject
Project("{9A19103F-16F7-4668-BE54-9A1E7A4F7556}") = "SocialPlatformBlazor.Interfaces", "SocialPlatformBlazor.Interfaces\SocialPlatformBlazor.Interfaces.csproj", "{A7F86FB9-A0DE-4E48-A948-9296D75DBE89}"
EndProject
Project("{9A19103F-16F7-4668-BE54-9A1E7A4F7556}") = "SocialPlatformBlazor.Services", "SocialPlatformBlazor.Services\SocialPlatformBlazor.Services.csproj", "{6A3C89D7-AD33-40BE-9264-68AA97112CAC}"
EndProject
Global
	GlobalSection(SolutionConfigurationPlatforms) = preSolution
		Debug|Any CPU = Debug|Any CPU
		Release|Any CPU = Release|Any CPU
	EndGlobalSection
	GlobalSection(ProjectConfigurationPlatforms) = postSolution
		{5DE80E51-6737-4B09-AC35-5A5CBDEBE0AA}.Debug|Any CPU.ActiveCfg = Debug|Any CPU
		{5DE80E51-6737-4B09-AC35-5A5CBDEBE0AA}.Debug|Any CPU.Build.0 = Debug|Any CPU
		{5DE80E51-6737-4B09-AC35-5A5CBDEBE0AA}.Release|Any CPU.ActiveCfg = Release|Any CPU
		{5DE80E51-6737-4B09-AC35-5A5CBDEBE0AA}.Release|Any CPU.Build.0 = Release|Any CPU
		{DAB9ADBE-42CC-4C3E-9DBA-530625B5D9BF}.Debug|Any CPU.ActiveCfg = Debug|Any CPU
		{DAB9ADBE-42CC-4C3E-9DBA-530625B5D9BF}.Debug|Any CPU.Build.0 = Debug|Any CPU
		{DAB9ADBE-42CC-4C3E-9DBA-530625B5D9BF}.Release|Any CPU.ActiveCfg = Release|Any CPU
		{DAB9ADBE-42CC-4C3E-9DBA-530625B5D9BF}.Release|Any CPU.Build.0 = Release|Any CPU
		{3A04ADDA-F6F5-487A-9532-1340FADA8556}.Debug|Any CPU.ActiveCfg = Debug|Any CPU
		{3A04ADDA-F6F5-487A-9532-1340FADA8556}.Debug|Any CPU.Build.0 = Debug|Any CPU
		{3A04ADDA-F6F5-487A-9532-1340FADA8556}.Release|Any CPU.ActiveCfg = Release|Any CPU
		{3A04ADDA-F6F5-487A-9532-1340FADA8556}.Release|Any CPU.Build.0 = Release|Any CPU
		{98EBF185-D93F-41EA-AAC9-7D531D458ED9}.Debug|Any CPU.ActiveCfg = Debug|Any CPU
		{98EBF185-D93F-41EA-AAC9-7D531D458ED9}.Debug|Any CPU.Build.0 = Debug|Any CPU
		{98EBF185-D93F-41EA-AAC9-7D531D458ED9}.Release|Any CPU.ActiveCfg = Release|Any CPU
		{98EBF185-D93F-41EA-AAC9-7D531D458ED9}.Release|Any CPU.Build.0 = Release|Any CPU
		{50E359F0-5530-4A50-9361-55BCC03B04B6}.Debug|Any CPU.ActiveCfg = Debug|Any CPU
		{50E359F0-5530-4A50-9361-55BCC03B04B6}.Debug|Any CPU.Build.0 = Debug|Any CPU
		{50E359F0-5530-4A50-9361-55BCC03B04B6}.Release|Any CPU.ActiveCfg = Release|Any CPU
		{50E359F0-5530-4A50-9361-55BCC03B04B6}.Release|Any CPU.Build.0 = Release|Any CPU
		{A7F86FB9-A0DE-4E48-A948-9296D75DBE89}.Debug|Any CPU.ActiveCfg = Debug|Any CPU
		{A7F86FB9-A0DE-4E48-A948-9296D75DBE89}.Debug|Any CPU.Build.0 = Debug|Any CPU
		{A7F86FB9-A0DE-4E48-A948-9296D75DBE89}.Release|Any CPU.ActiveCfg = Release|Any CPU
		{A7F86FB9-A0DE-4E48-A948-9296D75DBE89}.Release|Any CPU.Build.0 = Release|Any CPU
		{6A3C89D7-AD33-40BE-9264-68AA97112CAC}.Debug|Any CPU.ActiveCfg = Debug|Any CPU
		{6A3C89D7-AD33-40BE-9264-68AA97112CAC}.Debug|Any CPU.Build.0 = Debug|Any CPU
		{6A3C89D7-AD33-40BE-9264-68AA97112CAC}.Release|Any CPU.ActiveCfg = Release|Any CPU
		{6A3C89D7-AD33-40BE-9264-68AA97112CAC}.Release|Any CPU.Build.0 = Release|Any CPU
	EndGlobalSection
	GlobalSection(SolutionProperties) = preSolution
		HideSolutionNode = FALSE
	EndGlobalSection
	GlobalSection(NestedProjects) = preSolution
		{5DE80E51-6737-4B09-AC35-5A5CBDEBE0AA} = {CE415589-6B7C-498B-9D20-AB98BAE0C87F}
		{DAB9ADBE-42CC-4C3E-9DBA-530625B5D9BF} = {06DAA27D-A273-40D8-AB15-498858AD6899}
		{06DAA27D-A273-40D8-AB15-498858AD6899} = {BA68EE3C-B544-4368-B8B3-3B07123598A7}
		{CE415589-6B7C-498B-9D20-AB98BAE0C87F} = {BA68EE3C-B544-4368-B8B3-3B07123598A7}
		{98EBF185-D93F-41EA-AAC9-7D531D458ED9} = {F49FDDF4-69EA-441F-A935-1E7534C54617}
		{50E359F0-5530-4A50-9361-55BCC03B04B6} = {32209BEB-717C-4DEA-B5E6-5C0AA80B123C}
		{A7F86FB9-A0DE-4E48-A948-9296D75DBE89} = {F49FDDF4-69EA-441F-A935-1E7534C54617}
		{6A3C89D7-AD33-40BE-9264-68AA97112CAC} = {F49FDDF4-69EA-441F-A935-1E7534C54617}
	EndGlobalSection
	GlobalSection(ExtensibilityGlobals) = postSolution
		SolutionGuid = {C3CDE7D6-0E4D-4D50-B6C3-77F16267E9A3}
	EndGlobalSection
EndGlobal
